schema: '2.0'
stages:
  preprocess:
    cmd: python -m recsys.pipeline.preprocess --raw-dir data/raw --output 
      data/interim/preprocessed.parquet --kcore 5
    deps:
    - path: data/raw/order_products__prior.csv
      hash: md5
      md5: 8bca7ad1968ee8e07760b94db74461fb
      size: 577550706
    - path: data/raw/orders.csv
      hash: md5
      md5: dd0b2f4ee716409b8e79e7b1c611a0b8
      size: 108968645
    - path: src/recsys/data/instacart_loader.py
      hash: md5
      md5: 9f92ca0c6f52b1b195db731f5e804374
      size: 4337
    - path: src/recsys/data/loader.py
      hash: md5
      md5: a45d8fa3bf7b5f220385917448a0f378
      size: 2076
    - path: src/recsys/pipeline/preprocess.py
      hash: md5
      md5: f05aa0c65b5e00f96e9755bc9cb6619b
      size: 3873
    outs:
    - path: data/interim/preprocessed.parquet
      hash: md5
      md5: 5336cf76c25e0c82dd47e3169f3b3c2a
      size: 59540240
  feature_eng:
    cmd: python -m recsys.pipeline.feature_eng --input 
      data/interim/preprocessed.parquet --output-dir data/processed --test-size 
      0.2 --seed 42
    deps:
    - path: data/interim/preprocessed.parquet
      hash: md5
      md5: 5336cf76c25e0c82dd47e3169f3b3c2a
      size: 59540240
    - path: src/recsys/pipeline/feature_eng.py
      hash: md5
      md5: 68e02adcbd9519edff64f8b428c2730b
      size: 4487
    outs:
    - path: data/processed/features.parquet
      hash: md5
      md5: 8d805249373e0f2aff7299303934c70a
      size: 109736817
    - path: data/processed/test.parquet
      hash: md5
      md5: 7787a4b9426f06df7ea5077dcc51c1c1
      size: 35545687
    - path: data/processed/train.parquet
      hash: md5
      md5: 20ce9b91996b373832b8efd91b41cabb
      size: 141644488
  train:
    cmd: python -m recsys.pipeline.train --input data/processed/train.parquet 
      --output models/model.pkl --seed 42
    deps:
    - path: data/processed/train.parquet
      hash: md5
      md5: 20ce9b91996b373832b8efd91b41cabb
      size: 141644488
    - path: src/recsys/pipeline/train.py
      hash: md5
      md5: 7ba876eaf862072aa80c110735cbf8a8
      size: 2742
    - path: src/recsys/recommenders/base.py
      hash: md5
      md5: dcec50f4798608d2abde74ade2ecbf91
      size: 2111
    - path: src/recsys/recommenders/baseline.py
      hash: md5
      md5: 588b2775956dc378cf028198062cd482
      size: 3476
    outs:
    - path: models/model.pkl
      hash: md5
      md5: 5a1c118a24e340d4632fba2286eb65ce
      size: 102791678
  evaluate:
    cmd: python -m recsys.pipeline.evaluate --model models/model.pkl --data 
      data/processed/test.parquet --train-data data/processed/train.parquet 
      --output metrics.json --top-k 10
    deps:
    - path: data/processed/test.parquet
      hash: md5
      md5: 7787a4b9426f06df7ea5077dcc51c1c1
      size: 35545687
    - path: data/processed/train.parquet
      hash: md5
      md5: 20ce9b91996b373832b8efd91b41cabb
      size: 141644488
    - path: models/model.pkl
      hash: md5
      md5: 5a1c118a24e340d4632fba2286eb65ce
      size: 102791678
    - path: src/recsys/metrics/evaluation.py
      hash: md5
      md5: 4f81cfdc7c67f9ed8c42408b307819b8
      size: 2862
    - path: src/recsys/pipeline/evaluate.py
      hash: md5
      md5: 4be4be32fe15d2ff4813700f26077ce6
      size: 5388
    - path: src/recsys/recommenders/base.py
      hash: md5
      md5: dcec50f4798608d2abde74ade2ecbf91
      size: 2111
    outs:
    - path: metrics.json
      hash: md5
      md5: b352ae49916da78c4ab5ad6059e867f5
      size: 254
