schema: '2.0'
stages:
  preprocess:
    cmd: python -m recsys.pipeline.preprocess --raw-dir data/raw --output 
      data/interim/preprocessed.parquet --kcore 5
    deps:
    - path: data/raw/order_products__prior.csv
      hash: md5
      md5: 8bca7ad1968ee8e07760b94db74461fb
      size: 577550706
    - path: data/raw/orders.csv
      hash: md5
      md5: dd0b2f4ee716409b8e79e7b1c611a0b8
      size: 108968645
    - path: src/recsys/data/instacart_loader.py
      hash: md5
      md5: 7f2f76f42201690bfbbeaa6acbcf83c3
      size: 4214
    - path: src/recsys/data/loader.py
      hash: md5
      md5: 286e9e1b7e75cb0d7a9a3fd57b052f08
      size: 2015
    - path: src/recsys/pipeline/preprocess.py
      hash: md5
      md5: abdc5ab1cf84eae5b336d4701b634fa2
      size: 3754
    outs:
    - path: data/interim/preprocessed.parquet
      hash: md5
      md5: 5336cf76c25e0c82dd47e3169f3b3c2a
      size: 59540240
  feature_eng:
    cmd: python -m recsys.pipeline.feature_eng --input 
      data/interim/preprocessed.parquet --output-dir data/processed --test-size 
      0.2 --seed 42
    deps:
    - path: data/interim/preprocessed.parquet
      hash: md5
      md5: 5336cf76c25e0c82dd47e3169f3b3c2a
      size: 59540240
    - path: src/recsys/pipeline/feature_eng.py
      hash: md5
      md5: 6769ef8638d53071d95e4d94dcc86e92
      size: 4346
    outs:
    - path: data/processed/features.parquet
      hash: md5
      md5: 8d805249373e0f2aff7299303934c70a
      size: 109736817
    - path: data/processed/test.parquet
      hash: md5
      md5: 7787a4b9426f06df7ea5077dcc51c1c1
      size: 35545687
    - path: data/processed/train.parquet
      hash: md5
      md5: 20ce9b91996b373832b8efd91b41cabb
      size: 141644488
  train:
    cmd: python -m recsys.pipeline.train --input data/processed/train.parquet 
      --output models/model.pkl --seed 42
    deps:
    - path: data/processed/train.parquet
      hash: md5
      md5: 20ce9b91996b373832b8efd91b41cabb
      size: 141644488
    - path: src/recsys/pipeline/train.py
      hash: md5
      md5: bcbd23aa488e352f9981381af4a095b8
      size: 8236
    - path: src/recsys/recommenders/base.py
      hash: md5
      md5: a6c12d550e6054131b4f9777d1748d2b
      size: 2052
    - path: src/recsys/recommenders/baseline.py
      hash: md5
      md5: 257cbcec6926a5110ba882d59868dc55
      size: 3375
    outs:
    - path: models/model.pkl
      hash: md5
      md5: 07e36d54e2bf2c6be9a817b211bd7b9e
      size: 102791678
  evaluate:
    cmd: python -m recsys.pipeline.evaluate --model models/model.pkl --data 
      data/processed/test.parquet --train-data data/processed/train.parquet 
      --output metrics.json --top-k 10
    deps:
    - path: data/processed/test.parquet
      hash: md5
      md5: 7787a4b9426f06df7ea5077dcc51c1c1
      size: 35545687
    - path: data/processed/train.parquet
      hash: md5
      md5: 20ce9b91996b373832b8efd91b41cabb
      size: 141644488
    - path: models/model.pkl
      hash: md5
      md5: 07e36d54e2bf2c6be9a817b211bd7b9e
      size: 102791678
    - path: src/recsys/metrics/evaluation.py
      hash: md5
      md5: 654a771251d90ab7abfe8d819a981c22
      size: 2750
    - path: src/recsys/pipeline/evaluate.py
      hash: md5
      md5: 1544bfa3b614d4fc3ee79300b7392ed2
      size: 5217
    - path: src/recsys/recommenders/base.py
      hash: md5
      md5: a6c12d550e6054131b4f9777d1748d2b
      size: 2052
    outs:
    - path: metrics.json
      hash: md5
      md5: d8b40f422f66bc60ab2e43977a3d7b30
      size: 246
